// !$*UTF8*$!
{
	archiveVersion = 1;
	classes = {
	};
	objectVersion = 56;
	objects = {

/* Begin PBXBuildFile section */
		3065BC032B4473B800D22200 /* SwiftDataSumpleApp.swift in Sources */ = {isa = PBXBuildFile; fileRef = 3065BC022B4473B800D22200 /* SwiftDataSumpleApp.swift */; };
		3065BC052B4473B800D22200 /* ContentView.swift in Sources */ = {isa = PBXBuildFile; fileRef = 3065BC042B4473B800D22200 /* ContentView.swift */; };
		3065BC072B4473B800D22200 /* Model.swift in Sources */ = {isa = PBXBuildFile; fileRef = 3065BC062B4473B800D22200 /* Model.swift */; };
		3065BC092B4473B900D22200 /* Assets.xcassets in Resources */ = {isa = PBXBuildFile; fileRef = 3065BC082B4473B900D22200 /* Assets.xcassets */; };
		3065BC0C2B4473B900D22200 /* Preview Assets.xcassets in Resources */ = {isa = PBXBuildFile; fileRef = 3065BC0B2B4473B900D22200 /* Preview Assets.xcassets */; };
		3065BC162B4473B900D22200 /* SwiftDataSumpleAppTests.swift in Sources */ = {isa = PBXBuildFile; fileRef = 3065BC152B4473B900D22200 /* SwiftDataSumpleAppTests.swift */; };
		3065BC202B4473B900D22200 /* SwiftDataSumpleAppUITests.swift in Sources */ = {isa = PBXBuildFile; fileRef = 3065BC1F2B4473B900D22200 /* SwiftDataSumpleAppUITests.swift */; };
		3065BC222B4473B900D22200 /* SwiftDataSumpleAppUITestsLaunchTests.swift in Sources */ = {isa = PBXBuildFile; fileRef = 3065BC212B4473B900D22200 /* SwiftDataSumpleAppUITestsLaunchTests.swift */; };
		3065BC2F2B44741100D22200 /* MessageSender.swift in Sources */ = {isa = PBXBuildFile; fileRef = 3065BC2E2B44741100D22200 /* MessageSender.swift */; };
		3065BC312B44741E00D22200 /* CommonMessageAPI.swift in Sources */ = {isa = PBXBuildFile; fileRef = 3065BC302B44741E00D22200 /* CommonMessageAPI.swift */; };
		3065BC322B44749500D22200 /* CommonMessageAPI.swift in Sources */ = {isa = PBXBuildFile; fileRef = 3065BC302B44741E00D22200 /* CommonMessageAPI.swift */; };
		3065BC332B44749900D22200 /* MessageSender.swift in Sources */ = {isa = PBXBuildFile; fileRef = 3065BC2E2B44741100D22200 /* MessageSender.swift */; };
		3065BC342B44749B00D22200 /* Model.swift in Sources */ = {isa = PBXBuildFile; fileRef = 3065BC062B4473B800D22200 /* Model.swift */; };
		3065BC362B4474FA00D22200 /* MessageInputValidator.swift in Sources */ = {isa = PBXBuildFile; fileRef = 3065BC352B4474FA00D22200 /* MessageInputValidator.swift */; };
		3065BC372B4474FA00D22200 /* MessageInputValidator.swift in Sources */ = {isa = PBXBuildFile; fileRef = 3065BC352B4474FA00D22200 /* MessageInputValidator.swift */; };
		306C41632B8AC45E00291EDF /* ListItem.swift in Sources */ = {isa = PBXBuildFile; fileRef = 306C41622B8AC45E00291EDF /* ListItem.swift */; };
/* End PBXBuildFile section */

/* Begin PBXContainerItemProxy section */
		3065BC122B4473B900D22200 /* PBXContainerItemProxy */ = {
			isa = PBXContainerItemProxy;
			containerPortal = 3065BBF72B4473B800D22200 /* Project object */;
			proxyType = 1;
			remoteGlobalIDString = 3065BBFE2B4473B800D22200;
			remoteInfo = SwiftDataSumpleApp;
		};
		3065BC1C2B4473B900D22200 /* PBXContainerItemProxy */ = {
			isa = PBXContainerItemProxy;
			containerPortal = 3065BBF72B4473B800D22200 /* Project object */;
			proxyType = 1;
			remoteGlobalIDString = 3065BBFE2B4473B800D22200;
			remoteInfo = SwiftDataSumpleApp;
		};
/* End PBXContainerItemProxy section */

/* Begin PBXFileReference section */
		3065BBFF2B4473B800D22200 /* SwiftDataSumpleApp.app */ = {isa = PBXFileReference; explicitFileType = wrapper.application; includeInIndex = 0; path = SwiftDataSumpleApp.app; sourceTree = BUILT_PRODUCTS_DIR; };
		3065BC022B4473B800D22200 /* SwiftDataSumpleApp.swift */ = {isa = PBXFileReference; lastKnownFileType = sourcecode.swift; path = SwiftDataSumpleApp.swift; sourceTree = "<group>"; };
		3065BC042B4473B800D22200 /* ContentView.swift */ = {isa = PBXFileReference; lastKnownFileType = sourcecode.swift; path = ContentView.swift; sourceTree = "<group>"; };
		3065BC062B4473B800D22200 /* Model.swift */ = {isa = PBXFileReference; lastKnownFileType = sourcecode.swift; path = Model.swift; sourceTree = "<group>"; };
		3065BC082B4473B900D22200 /* Assets.xcassets */ = {isa = PBXFileReference; lastKnownFileType = folder.assetcatalog; path = Assets.xcassets; sourceTree = "<group>"; };
		3065BC0B2B4473B900D22200 /* Preview Assets.xcassets */ = {isa = PBXFileReference; lastKnownFileType = folder.assetcatalog; path = "Preview Assets.xcassets"; sourceTree = "<group>"; };
		3065BC112B4473B900D22200 /* SwiftDataSumpleAppTests.xctest */ = {isa = PBXFileReference; explicitFileType = wrapper.cfbundle; includeInIndex = 0; path = SwiftDataSumpleAppTests.xctest; sourceTree = BUILT_PRODUCTS_DIR; };
		3065BC152B4473B900D22200 /* SwiftDataSumpleAppTests.swift */ = {isa = PBXFileReference; lastKnownFileType = sourcecode.swift; path = SwiftDataSumpleAppTests.swift; sourceTree = "<group>"; };
		3065BC1B2B4473B900D22200 /* SwiftDataSumpleAppUITests.xctest */ = {isa = PBXFileReference; explicitFileType = wrapper.cfbundle; includeInIndex = 0; path = SwiftDataSumpleAppUITests.xctest; sourceTree = BUILT_PRODUCTS_DIR; };
		3065BC1F2B4473B900D22200 /* SwiftDataSumpleAppUITests.swift */ = {isa = PBXFileReference; lastKnownFileType = sourcecode.swift; path = SwiftDataSumpleAppUITests.swift; sourceTree = "<group>"; };
		3065BC212B4473B900D22200 /* SwiftDataSumpleAppUITestsLaunchTests.swift */ = {isa = PBXFileReference; lastKnownFileType = sourcecode.swift; path = SwiftDataSumpleAppUITestsLaunchTests.swift; sourceTree = "<group>"; };
		3065BC2E2B44741100D22200 /* MessageSender.swift */ = {isa = PBXFileReference; lastKnownFileType = sourcecode.swift; path = MessageSender.swift; sourceTree = "<group>"; };
		3065BC302B44741E00D22200 /* CommonMessageAPI.swift */ = {isa = PBXFileReference; lastKnownFileType = sourcecode.swift; path = CommonMessageAPI.swift; sourceTree = "<group>"; };
		3065BC352B4474FA00D22200 /* MessageInputValidator.swift */ = {isa = PBXFileReference; lastKnownFileType = sourcecode.swift; path = MessageInputValidator.swift; sourceTree = "<group>"; };
		306C41622B8AC45E00291EDF /* ListItem.swift */ = {isa = PBXFileReference; lastKnownFileType = sourcecode.swift; path = ListItem.swift; sourceTree = "<group>"; };
/* End PBXFileReference section */

/* Begin PBXFrameworksBuildPhase section */
		3065BBFC2B4473B800D22200 /* Frameworks */ = {
			isa = PBXFrameworksBuildPhase;
			buildActionMask = 2147483647;
			files = (
			);
			runOnlyForDeploymentPostprocessing = 0;
		};
		3065BC0E2B4473B900D22200 /* Frameworks */ = {
			isa = PBXFrameworksBuildPhase;
			buildActionMask = 2147483647;
			files = (
			);
			runOnlyForDeploymentPostprocessing = 0;
		};
		3065BC182B4473B900D22200 /* Frameworks */ = {
			isa = PBXFrameworksBuildPhase;
			buildActionMask = 2147483647;
			files = (
			);
			runOnlyForDeploymentPostprocessing = 0;
		};
/* End PBXFrameworksBuildPhase section */

/* Begin PBXGroup section */
		3065BBF62B4473B800D22200 = {
			isa = PBXGroup;
			children = (
				3065BC012B4473B800D22200 /* SwiftDataSumpleApp */,
				3065BC142B4473B900D22200 /* SwiftDataSumpleAppTests */,
				3065BC1E2B4473B900D22200 /* SwiftDataSumpleAppUITests */,
				3065BC002B4473B800D22200 /* Products */,
			);
			sourceTree = "<group>";
		};
		3065BC002B4473B800D22200 /* Products */ = {
			isa = PBXGroup;
			children = (
				3065BBFF2B4473B800D22200 /* SwiftDataSumpleApp.app */,
				3065BC112B4473B900D22200 /* SwiftDataSumpleAppTests.xctest */,
				3065BC1B2B4473B900D22200 /* SwiftDataSumpleAppUITests.xctest */,
			);
			name = Products;
			sourceTree = "<group>";
		};
		3065BC012B4473B800D22200 /* SwiftDataSumpleApp */ = {
			isa = PBXGroup;
			children = (
				3065BC022B4473B800D22200 /* SwiftDataSumpleApp.swift */,
				3065BC042B4473B800D22200 /* ContentView.swift */,
				306C41622B8AC45E00291EDF /* ListItem.swift */,
				3065BC062B4473B800D22200 /* Model.swift */,
				3065BC2E2B44741100D22200 /* MessageSender.swift */,
				3065BC352B4474FA00D22200 /* MessageInputValidator.swift */,
				3065BC302B44741E00D22200 /* CommonMessageAPI.swift */,
				3065BC082B4473B900D22200 /* Assets.xcassets */,
				3065BC0A2B4473B900D22200 /* Preview Content */,
			);
			path = SwiftDataSumpleApp;
			sourceTree = "<group>";
		};
		3065BC0A2B4473B900D22200 /* Preview Content */ = {
			isa = PBXGroup;
			children = (
				3065BC0B2B4473B900D22200 /* Preview Assets.xcassets */,
			);
			path = "Preview Content";
			sourceTree = "<group>";
		};
		3065BC142B4473B900D22200 /* SwiftDataSumpleAppTests */ = {
			isa = PBXGroup;
			children = (
				3065BC152B4473B900D22200 /* SwiftDataSumpleAppTests.swift */,
			);
			path = SwiftDataSumpleAppTests;
			sourceTree = "<group>";
		};
		3065BC1E2B4473B900D22200 /* SwiftDataSumpleAppUITests */ = {
			isa = PBXGroup;
			children = (
				3065BC1F2B4473B900D22200 /* SwiftDataSumpleAppUITests.swift */,
				3065BC212B4473B900D22200 /* SwiftDataSumpleAppUITestsLaunchTests.swift */,
			);
			path = SwiftDataSumpleAppUITests;
			sourceTree = "<group>";
		};
/* End PBXGroup section */

/* Begin PBXNativeTarget section */
		3065BBFE2B4473B800D22200 /* SwiftDataSumpleApp */ = {
			isa = PBXNativeTarget;
			buildConfigurationList = 3065BC252B4473B900D22200 /* Build configuration list for PBXNativeTarget "SwiftDataSumpleApp" */;
			buildPhases = (
				3065BBFB2B4473B800D22200 /* Sources */,
				3065BBFC2B4473B800D22200 /* Frameworks */,
				3065BBFD2B4473B800D22200 /* Resources */,
			);
			buildRules = (
			);
			dependencies = (
			);
			name = SwiftDataSumpleApp;
			productName = SwiftDataSumpleApp;
			productReference = 3065BBFF2B4473B800D22200 /* SwiftDataSumpleApp.app */;
			productType = "com.apple.product-type.application";
		};
		3065BC102B4473B900D22200 /* SwiftDataSumpleAppTests */ = {
			isa = PBXNativeTarget;
			buildConfigurationList = 3065BC282B4473B900D22200 /* Build configuration list for PBXNativeTarget "SwiftDataSumpleAppTests" */;
			buildPhases = (
				3065BC0D2B4473B900D22200 /* Sources */,
				3065BC0E2B4473B900D22200 /* Frameworks */,
				3065BC0F2B4473B900D22200 /* Resources */,
			);
			buildRules = (
			);
			dependencies = (
				3065BC132B4473B900D22200 /* PBXTargetDependency */,
			);
			name = SwiftDataSumpleAppTests;
			productName = SwiftDataSumpleAppTests;
			productReference = 3065BC112B4473B900D22200 /* SwiftDataSumpleAppTests.xctest */;
			productType = "com.apple.product-type.bundle.unit-test";
		};
		3065BC1A2B4473B900D22200 /* SwiftDataSumpleAppUITests */ = {
			isa = PBXNativeTarget;
			buildConfigurationList = 3065BC2B2B4473B900D22200 /* Build configuration list for PBXNativeTarget "SwiftDataSumpleAppUITests" */;
			buildPhases = (
				3065BC172B4473B900D22200 /* Sources */,
				3065BC182B4473B900D22200 /* Frameworks */,
				3065BC192B4473B900D22200 /* Resources */,
			);
			buildRules = (
			);
			dependencies = (
				3065BC1D2B4473B900D22200 /* PBXTargetDependency */,
			);
			name = SwiftDataSumpleAppUITests;
			productName = SwiftDataSumpleAppUITests;
			productReference = 3065BC1B2B4473B900D22200 /* SwiftDataSumpleAppUITests.xctest */;
			productType = "com.apple.product-type.bundle.ui-testing";
		};
/* End PBXNativeTarget section */

/* Begin PBXProject section */
		3065BBF72B4473B800D22200 /* Project object */ = {
			isa = PBXProject;
			attributes = {
				BuildIndependentTargetsInParallel = 1;
				LastSwiftUpdateCheck = 1500;
				LastUpgradeCheck = 1500;
				TargetAttributes = {
					3065BBFE2B4473B800D22200 = {
						CreatedOnToolsVersion = 15.0;
					};
					3065BC102B4473B900D22200 = {
						CreatedOnToolsVersion = 15.0;
						TestTargetID = 3065BBFE2B4473B800D22200;
					};
					3065BC1A2B4473B900D22200 = {
						CreatedOnToolsVersion = 15.0;
						TestTargetID = 3065BBFE2B4473B800D22200;
					};
				};
			};
			buildConfigurationList = 3065BBFA2B4473B800D22200 /* Build configuration list for PBXProject "SwiftDataSumpleApp" */;
			compatibilityVersion = "Xcode 14.0";
			developmentRegion = en;
			hasScannedForEncodings = 0;
			knownRegions = (
				en,
				Base,
			);
			mainGroup = 3065BBF62B4473B800D22200;
			productRefGroup = 3065BC002B4473B800D22200 /* Products */;
			projectDirPath = "";
			projectRoot = "";
			targets = (
				3065BBFE2B4473B800D22200 /* SwiftDataSumpleApp */,
				3065BC102B4473B900D22200 /* SwiftDataSumpleAppTests */,
				3065BC1A2B4473B900D22200 /* SwiftDataSumpleAppUITests */,
			);
		};
/* End PBXProject section */

/* Begin PBXResourcesBuildPhase section */
		3065BBFD2B4473B800D22200 /* Resources */ = {
			isa = PBXResourcesBuildPhase;
			buildActionMask = 2147483647;
			files = (
				3065BC0C2B4473B900D22200 /* Preview Assets.xcassets in Resources */,
				3065BC092B4473B900D22200 /* Assets.xcassets in Resources */,
			);
			runOnlyForDeploymentPostprocessing = 0;
		};
		3065BC0F2B4473B900D22200 /* Resources */ = {
			isa = PBXResourcesBuildPhase;
			buildActionMask = 2147483647;
			files = (
			);
			runOnlyForDeploymentPostprocessing = 0;
		};
		3065BC192B4473B900D22200 /* Resources */ = {
			isa = PBXResourcesBuildPhase;
			buildActionMask = 2147483647;
			files = (
			);
			runOnlyForDeploymentPostprocessing = 0;
		};
/* End PBXResourcesBuildPhase section */

/* Begin PBXSourcesBuildPhase section */
		3065BBFB2B4473B800D22200 /* Sources */ = {
			isa = PBXSourcesBuildPhase;
			buildActionMask = 2147483647;
			files = (
				3065BC2F2B44741100D22200 /* MessageSender.swift in Sources */,
				306C41632B8AC45E00291EDF /* ListItem.swift in Sources */,
				3065BC052B4473B800D22200 /* ContentView.swift in Sources */,
				3065BC312B44741E00D22200 /* CommonMessageAPI.swift in Sources */,
				3065BC072B4473B800D22200 /* Model.swift in Sources */,
				3065BC032B4473B800D22200 /* SwiftDataSumpleApp.swift in Sources */,
				3065BC362B4474FA00D22200 /* MessageInputValidator.swift in Sources */,
			);
			runOnlyForDeploymentPostprocessing = 0;
		};
		3065BC0D2B4473B900D22200 /* Sources */ = {
			isa = PBXSourcesBuildPhase;
			buildActionMask = 2147483647;
			files = (
				3065BC342B44749B00D22200 /* Model.swift in Sources */,
				3065BC372B4474FA00D22200 /* MessageInputValidator.swift in Sources */,
				3065BC162B4473B900D22200 /* SwiftDataSumpleAppTests.swift in Sources */,
				3065BC332B44749900D22200 /* MessageSender.swift in Sources */,
				3065BC322B44749500D22200 /* CommonMessageAPI.swift in Sources */,
			);
			runOnlyForDeploymentPostprocessing = 0;
		};
		3065BC172B4473B900D22200 /* Sources */ = {
			isa = PBXSourcesBuildPhase;
			buildActionMask = 2147483647;
			files = (
				3065BC222B4473B900D22200 /* SwiftDataSumpleAppUITestsLaunchTests.swift in Sources */,
				3065BC202B4473B900D22200 /* SwiftDataSumpleAppUITests.swift in Sources */,
			);
			runOnlyForDeploymentPostprocessing = 0;
		};
/* End PBXSourcesBuildPhase section */

/* Begin PBXTargetDependency section */
		3065BC132B4473B900D22200 /* PBXTargetDependency */ = {
			isa = PBXTargetDependency;
			target = 3065BBFE2B4473B800D22200 /* SwiftDataSumpleApp */;
			targetProxy = 3065BC122B4473B900D22200 /* PBXContainerItemProxy */;
		};
		3065BC1D2B4473B900D22200 /* PBXTargetDependency */ = {
			isa = PBXTargetDependency;
			target = 3065BBFE2B4473B800D22200 /* SwiftDataSumpleApp */;
			targetProxy = 3065BC1C2B4473B900D22200 /* PBXContainerItemProxy */;
		};
/* End PBXTargetDependency section */

/* Begin XCBuildConfiguration section */
		3065BC232B4473B900D22200 /* Debug */ = {
			isa = XCBuildConfiguration;
			buildSettings = {
				ALWAYS_SEARCH_USER_PATHS = NO;
				ASSETCATALOG_COMPILER_GENERATE_SWIFT_ASSET_SYMBOL_EXTENSIONS = YES;
				CLANG_ANALYZER_NONNULL = YES;
				CLANG_ANALYZER_NUMBER_OBJECT_CONVERSION = YES_AGGRESSIVE;
				CLANG_CXX_LANGUAGE_STANDARD = "gnu++20";
				CLANG_ENABLE_MODULES = YES;
				CLANG_ENABLE_OBJC_ARC = YES;
				CLANG_ENABLE_OBJC_WEAK = YES;
				CLANG_WARN_BLOCK_CAPTURE_AUTORELEASING = YES;
				CLANG_WARN_BOOL_CONVERSION = YES;
				CLANG_WARN_COMMA = YES;
				CLANG_WARN_CONSTANT_CONVERSION = YES;
				CLANG_WARN_DEPRECATED_OBJC_IMPLEMENTATIONS = YES;
				CLANG_WARN_DIRECT_OBJC_ISA_USAGE = YES_ERROR;
				CLANG_WARN_DOCUMENTATION_COMMENTS = YES;
				CLANG_WARN_EMPTY_BODY = YES;
				CLANG_WARN_ENUM_CONVERSION = YES;
				CLANG_WARN_INFINITE_RECURSION = YES;
				CLANG_WARN_INT_CONVERSION = YES;
				CLANG_WARN_NON_LITERAL_NULL_CONVERSION = YES;
				CLANG_WARN_OBJC_IMPLICIT_RETAIN_SELF = YES;
				CLANG_WARN_OBJC_LITERAL_CONVERSION = YES;
				CLANG_WARN_OBJC_ROOT_CLASS = YES_ERROR;
				CLANG_WARN_QUOTED_INCLUDE_IN_FRAMEWORK_HEADER = YES;
				CLANG_WARN_RANGE_LOOP_ANALYSIS = YES;
				CLANG_WARN_STRICT_PROTOTYPES = YES;
				CLANG_WARN_SUSPICIOUS_MOVE = YES;
				CLANG_WARN_UNGUARDED_AVAILABILITY = YES_AGGRESSIVE;
				CLANG_WARN_UNREACHABLE_CODE = YES;
				CLANG_WARN__DUPLICATE_METHOD_MATCH = YES;
				COPY_PHASE_STRIP = NO;
				DEBUG_INFORMATION_FORMAT = dwarf;
				ENABLE_STRICT_OBJC_MSGSEND = YES;
				ENABLE_TESTABILITY = YES;
				ENABLE_USER_SCRIPT_SANDBOXING = YES;
				GCC_C_LANGUAGE_STANDARD = gnu17;
				GCC_DYNAMIC_NO_PIC = NO;
				GCC_NO_COMMON_BLOCKS = YES;
				GCC_OPTIMIZATION_LEVEL = 0;
				GCC_PREPROCESSOR_DEFINITIONS = (
					"DEBUG=1",
					"$(inherited)",
				);
				GCC_WARN_64_TO_32_BIT_CONVERSION = YES;
				GCC_WARN_ABOUT_RETURN_TYPE = YES_ERROR;
				GCC_WARN_UNDECLARED_SELECTOR = YES;
				GCC_WARN_UNINITIALIZED_AUTOS = YES_AGGRESSIVE;
				GCC_WARN_UNUSED_FUNCTION = YES;
				GCC_WARN_UNUSED_VARIABLE = YES;
				IPHONEOS_DEPLOYMENT_TARGET = 17.0;
				LOCALIZATION_PREFERS_STRING_CATALOGS = YES;
				MTL_ENABLE_DEBUG_INFO = INCLUDE_SOURCE;
				MTL_FAST_MATH = YES;
				ONLY_ACTIVE_ARCH = YES;
				SDKROOT = iphoneos;
				SWIFT_ACTIVE_COMPILATION_CONDITIONS = "DEBUG $(inherited)";
				SWIFT_OPTIMIZATION_LEVEL = "-Onone";
			};
			name = Debug;
		};
		3065BC242B4473B900D22200 /* Release */ = {
			isa = XCBuildConfiguration;
			buildSettings = {
				ALWAYS_SEARCH_USER_PATHS = NO;
				ASSETCATALOG_COMPILER_GENERATE_SWIFT_ASSET_SYMBOL_EXTENSIONS = YES;
				CLANG_ANALYZER_NONNULL = YES;
				CLANG_ANALYZER_NUMBER_OBJECT_CONVERSION = YES_AGGRESSIVE;
				CLANG_CXX_LANGUAGE_STANDARD = "gnu++20";
				CLANG_ENABLE_MODULES = YES;
				CLANG_ENABLE_OBJC_ARC = YES;
				CLANG_ENABLE_OBJC_WEAK = YES;
				CLANG_WARN_BLOCK_CAPTURE_AUTORELEASING = YES;
				CLANG_WARN_BOOL_CONVERSION = YES;
				CLANG_WARN_COMMA = YES;
				CLANG_WARN_CONSTANT_CONVERSION = YES;
				CLANG_WARN_DEPRECATED_OBJC_IMPLEMENTATIONS = YES;
				CLANG_WARN_DIRECT_OBJC_ISA_USAGE = YES_ERROR;
				CLANG_WARN_DOCUMENTATION_COMMENTS = YES;
				CLANG_WARN_EMPTY_BODY = YES;
				CLANG_WARN_ENUM_CONVERSION = YES;
				CLANG_WARN_INFINITE_RECURSION = YES;
				CLANG_WARN_INT_CONVERSION = YES;
				CLANG_WARN_NON_LITERAL_NULL_CONVERSION = YES;
				CLANG_WARN_OBJC_IMPLICIT_RETAIN_SELF = YES;
				CLANG_WARN_OBJC_LITERAL_CONVERSION = YES;
				CLANG_WARN_OBJC_ROOT_CLASS = YES_ERROR;
				CLANG_WARN_QUOTED_INCLUDE_IN_FRAMEWORK_HEADER = YES;
				CLANG_WARN_RANGE_LOOP_ANALYSIS = YES;
				CLANG_WARN_STRICT_PROTOTYPES = YES;
				CLANG_WARN_SUSPICIOUS_MOVE = YES;
				CLANG_WARN_UNGUARDED_AVAILABILITY = YES_AGGRESSIVE;
				CLANG_WARN_UNREACHABLE_CODE = YES;
				CLANG_WARN__DUPLICATE_METHOD_MATCH = YES;
				COPY_PHASE_STRIP = NO;
				DEBUG_INFORMATION_FORMAT = "dwarf-with-dsym";
				ENABLE_NS_ASSERTIONS = NO;
				ENABLE_STRICT_OBJC_MSGSEND = YES;
				ENABLE_USER_SCRIPT_SANDBOXING = YES;
				GCC_C_LANGUAGE_STANDARD = gnu17;
				GCC_NO_COMMON_BLOCKS = YES;
				GCC_WARN_64_TO_32_BIT_CONVERSION = YES;
				GCC_WARN_ABOUT_RETURN_TYPE = YES_ERROR;
				GCC_WARN_UNDECLARED_SELECTOR = YES;
				GCC_WARN_UNINITIALIZED_AUTOS = YES_AGGRESSIVE;
				GCC_WARN_UNUSED_FUNCTION = YES;
				GCC_WARN_UNUSED_VARIABLE = YES;
				IPHONEOS_DEPLOYMENT_TARGET = 17.0;
				LOCALIZATION_PREFERS_STRING_CATALOGS = YES;
				MTL_ENABLE_DEBUG_INFO = NO;
				MTL_FAST_MATH = YES;
				SDKROOT = iphoneos;
				SWIFT_COMPILATION_MODE = wholemodule;
				VALIDATE_PRODUCT = YES;
			};
			name = Release;
		};
		3065BC262B4473B900D22200 /* Debug */ = {
			isa = XCBuildConfiguration;
			buildSettings = {
				ASSETCATALOG_COMPILER_APPICON_NAME = AppIcon;
				ASSETCATALOG_COMPILER_GLOBAL_ACCENT_COLOR_NAME = AccentColor;
				CODE_SIGN_STYLE = Automatic;
				CURRENT_PROJECT_VERSION = 1;
				DEVELOPMENT_ASSET_PATHS = "\"SwiftDataSumpleApp/Preview Content\"";
				ENABLE_PREVIEWS = YES;
				GENERATE_INFOPLIST_FILE = YES;
				INFOPLIST_KEY_UIApplicationSceneManifest_Generation = YES;
				INFOPLIST_KEY_UIApplicationSupportsIndirectInputEvents = YES;
				INFOPLIST_KEY_UILaunchScreen_Generation = YES;
				INFOPLIST_KEY_UISupportedInterfaceOrientations_iPad = "UIInterfaceOrientationPortrait UIInterfaceOrientationPortraitUpsideDown UIInterfaceOrientationLandscapeLeft UIInterfaceOrientationLandscapeRight";
				INFOPLIST_KEY_UISupportedInterfaceOrientations_iPhone = "UIInterfaceOrientationPortrait UIInterfaceOrientationLandscapeLeft UIInterfaceOrientationLandscapeRight";
				LD_RUNPATH_SEARCH_PATHS = (
					"$(inherited)",
					"@executable_path/Frameworks",
				);
				MARKETING_VERSION = 1.0;
				PRODUCT_BUNDLE_IDENTIFIER = com.example.SwiftDataSumpleApp;
				PRODUCT_NAME = "$(TARGET_NAME)";
				SWIFT_EMIT_LOC_STRINGS = YES;
				SWIFT_VERSION = 5.0;
				TARGETED_DEVICE_FAMILY = "1,2";
			};
			name = Debug;
		};
		3065BC272B4473B900D22200 /* Release */ = {
			isa = XCBuildConfiguration;
			buildSettings = {
				ASSETCATALOG_COMPILER_APPICON_NAME = AppIcon;
				ASSETCATALOG_COMPILER_GLOBAL_ACCENT_COLOR_NAME = AccentColor;
				CODE_SIGN_STYLE = Automatic;
				CURRENT_PROJECT_VERSION = 1;
				DEVELOPMENT_ASSET_PATHS = "\"SwiftDataSumpleApp/Preview Content\"";
				ENABLE_PREVIEWS = YES;
				GENERATE_INFOPLIST_FILE = YES;
				INFOPLIST_KEY_UIApplicationSceneManifest_Generation = YES;
				INFOPLIST_KEY_UIApplicationSupportsIndirectInputEvents = YES;
				INFOPLIST_KEY_UILaunchScreen_Generation = YES;
				INFOPLIST_KEY_UISupportedInterfaceOrientations_iPad = "UIInterfaceOrientationPortrait UIInterfaceOrientationPortraitUpsideDown UIInterfaceOrientationLandscapeLeft UIInterfaceOrientationLandscapeRight";
				INFOPLIST_KEY_UISupportedInterfaceOrientations_iPhone = "UIInterfaceOrientationPortrait UIInterfaceOrientationLandscapeLeft UIInterfaceOrientationLandscapeRight";
				LD_RUNPATH_SEARCH_PATHS = (
					"$(inherited)",
					"@executable_path/Frameworks",
				);
				MARKETING_VERSION = 1.0;
				PRODUCT_BUNDLE_IDENTIFIER = com.example.SwiftDataSumpleApp;
				PRODUCT_NAME = "$(TARGET_NAME)";
				SWIFT_EMIT_LOC_STRINGS = YES;
				SWIFT_VERSION = 5.0;
				TARGETED_DEVICE_FAMILY = "1,2";
			};
			name = Release;
		};
		3065BC292B4473B900D22200 /* Debug */ = {
			isa = XCBuildConfiguration;
			buildSettings = {
				ALWAYS_EMBED_SWIFT_STANDARD_LIBRARIES = YES;
				BUNDLE_LOADER = "$(TEST_HOST)";
				CODE_SIGN_STYLE = Automatic;
				CURRENT_PROJECT_VERSION = 1;
				GENERATE_INFOPLIST_FILE = YES;
				IPHONEOS_DEPLOYMENT_TARGET = 17.0;
				MARKETING_VERSION = 1.0;
				PRODUCT_BUNDLE_IDENTIFIER = com.example.SwiftDataSumpleAppTests;
				PRODUCT_NAME = "$(TARGET_NAME)";
				SWIFT_EMIT_LOC_STRINGS = NO;
				SWIFT_VERSION = 5.0;
				TARGETED_DEVICE_FAMILY = "1,2";
				TEST_HOST = "$(BUILT_PRODUCTS_DIR)/SwiftDataSumpleApp.app/$(BUNDLE_EXECUTABLE_FOLDER_PATH)/SwiftDataSumpleApp";
			};
			name = Debug;
		};
		3065BC2A2B4473B900D22200 /* Release */ = {
			isa = XCBuildConfiguration;
			buildSettings = {
				ALWAYS_EMBED_SWIFT_STANDARD_LIBRARIES = YES;
				BUNDLE_LOADER = "$(TEST_HOST)";
				CODE_SIGN_STYLE = Automatic;
				CURRENT_PROJECT_VERSION = 1;
				GENERATE_INFOPLIST_FILE = YES;
				IPHONEOS_DEPLOYMENT_TARGET = 17.0;
				MARKETING_VERSION = 1.0;
				PRODUCT_BUNDLE_IDENTIFIER = com.example.SwiftDataSumpleAppTests;
				PRODUCT_NAME = "$(TARGET_NAME)";
				SWIFT_EMIT_LOC_STRINGS = NO;
				SWIFT_VERSION = 5.0;
				TARGETED_DEVICE_FAMILY = "1,2";
				TEST_HOST = "$(BUILT_PRODUCTS_DIR)/SwiftDataSumpleApp.app/$(BUNDLE_EXECUTABLE_FOLDER_PATH)/SwiftDataSumpleApp";
			};
			name = Release;
		};
		3065BC2C2B4473B900D22200 /* Debug */ = {
			isa = XCBuildConfiguration;
			buildSettings = {
				ALWAYS_EMBED_SWIFT_STANDARD_LIBRARIES = YES;
				CODE_SIGN_STYLE = Automatic;
				CURRENT_PROJECT_VERSION = 1;
				GENERATE_INFOPLIST_FILE = YES;
				MARKETING_VERSION = 1.0;
				PRODUCT_BUNDLE_IDENTIFIER = com.example.SwiftDataSumpleAppUITests;
				PRODUCT_NAME = "$(TARGET_NAME)";
				SWIFT_EMIT_LOC_STRINGS = NO;
				SWIFT_VERSION = 5.0;
				TARGETED_DEVICE_FAMILY = "1,2";
				TEST_TARGET_NAME = SwiftDataSumpleApp;
			};
			name = Debug;
		};
		3065BC2D2B4473B900D22200 /* Release */ = {
			isa = XCBuildConfiguration;
			buildSettings = {
				ALWAYS_EMBED_SWIFT_STANDARD_LIBRARIES = YES;
				CODE_SIGN_STYLE = Automatic;
				CURRENT_PROJECT_VERSION = 1;
				GENERATE_INFOPLIST_FILE = YES;
				MARKETING_VERSION = 1.0;
				PRODUCT_BUNDLE_IDENTIFIER = com.example.SwiftDataSumpleAppUITests;
				PRODUCT_NAME = "$(TARGET_NAME)";
				SWIFT_EMIT_LOC_STRINGS = NO;
				SWIFT_VERSION = 5.0;
				TARGETED_DEVICE_FAMILY = "1,2";
				TEST_TARGET_NAME = SwiftDataSumpleApp;
			};
			name = Release;
		};
/* End XCBuildConfiguration section */

/* Begin XCConfigurationList section */
		3065BBFA2B4473B800D22200 /* Build configuration list for PBXProject "SwiftDataSumpleApp" */ = {
			isa = XCConfigurationList;
			buildConfigurations = (
				3065BC232B4473B900D22200 /* Debug */,
				3065BC242B4473B900D22200 /* Release */,
			);
			defaultConfigurationIsVisible = 0;
			defaultConfigurationName = Release;
		};
		3065BC252B4473B900D22200 /* Build configuration list for PBXNativeTarget "SwiftDataSumpleApp" */ = {
			isa = XCConfigurationList;
			buildConfigurations = (
				3065BC262B4473B900D22200 /* Debug */,
				3065BC272B4473B900D22200 /* Release */,
			);
			defaultConfigurationIsVisible = 0;
			defaultConfigurationName = Release;
		};
		3065BC282B4473B900D22200 /* Build configuration list for PBXNativeTarget "SwiftDataSumpleAppTests" */ = {
			isa = XCConfigurationList;
			buildConfigurations = (
				3065BC292B4473B900D22200 /* Debug */,
				3065BC2A2B4473B900D22200 /* Release */,
			);
			defaultConfigurationIsVisible = 0;
			defaultConfigurationName = Release;
		};
		3065BC2B2B4473B900D22200 /* Build configuration list for PBXNativeTarget "SwiftDataSumpleAppUITests" */ = {
			isa = XCConfigurationList;
			buildConfigurations = (
				3065BC2C2B4473B900D22200 /* Debug */,
				3065BC2D2B4473B900D22200 /* Release */,
			);
			defaultConfigurationIsVisible = 0;
			defaultConfigurationName = Release;
		};
/* End XCConfigurationList section */
	};
	rootObject = 3065BBF72B4473B800D22200 /* Project object */;
}
